lockfileVersion: '6.0'

settings:
  autoInstallPeers: true
  excludeLinksFromLockfile: false

dependencies:
  '@tanstack/react-query':
    specifier: ^5.17.9
    version: 5.17.9(react@18.2.0)
  pocketbase:
    specifier: ^0.20.1
    version: 0.20.1

packages:

  /@tanstack/query-core@5.17.9:
    resolution: {integrity: sha512-8xcvpWIPaRMDNLMvG9ugcUJMgFK316ZsqkPPbsI+TMZsb10N9jk0B6XgPk4/kgWC2ziHyWR7n7wUhxmD0pChQw==}
    dev: false

  /@tanstack/react-query@5.17.9(react@18.2.0):
    resolution: {integrity: sha512-M5E9gwUq1Stby/pdlYjBlL24euIVuGbWKIFCbtnQxSdXI4PgzjTSdXdV3QE6fc+itF+TUvX/JPTKIwq8yuBXcg==}
    peerDependencies:
      react: ^18.0.0
    dependencies:
      '@tanstack/query-core': 5.17.9
      react: 18.2.0
    dev: false

  /js-tokens@4.0.0:
    resolution: {integrity: sha512-RdJUflcE3cUzKiMqQgsCu06FPu9UdIJO0beYbPhHN4k6apgJtifcoCtT9bcxOpYBtpD2kCM6Sbzg4CausW/PKQ==}
    dev: false

  /loose-envify@1.4.0:
    resolution: {integrity: sha512-lyuxPGr/Wfhrlem2CL/UcnUc1zcqKAImBDzukY7Y5F/yQiNdko6+fRLevlw1HgMySw7f611UIY408EtxRSoK3Q==}
    hasBin: true
    dependencies:
      js-tokens: 4.0.0
    dev: false

  /pocketbase@0.20.1:
    resolution: {integrity: sha512-Gl51UBc1U03JlwmwMkUIa1OHbcTmmdhyMPV1aJyHp9HuY5VUlh0t4hcx6D1fdhYsJcoh3kc6mpwhTBfXDoyn8w==}
    dev: false

  /react@18.2.0:
    resolution: {integrity: sha512-/3IjMdb2L9QbBdWiW5e3P2/npwMBaU9mHCSCUzNln0ZCYbcfTsGbTJrU/kGemdH2IWmB2ioZ+zkxtmq6g09fGQ==}
    engines: {node: '>=0.10.0'}
    dependencies:
      loose-envify: 1.4.0
    dev: false
